// !$*UTF8*$!
{
	archiveVersion = 1;
	classes = {
	};
	objectVersion = 55;
	objects = {

/* Begin PBXBuildFile section */
		74092058286300AA008A94C0 /* CamsTableViewController.swift in Sources */ = {isa = PBXBuildFile; fileRef = 74092057286300AA008A94C0 /* CamsTableViewController.swift */; };
		7421C79828607F630087321A /* AppDelegate.swift in Sources */ = {isa = PBXBuildFile; fileRef = 7421C79728607F630087321A /* AppDelegate.swift */; };
		7421C79A28607F630087321A /* SceneDelegate.swift in Sources */ = {isa = PBXBuildFile; fileRef = 7421C79928607F630087321A /* SceneDelegate.swift */; };
		7421C7A128607F650087321A /* Assets.xcassets in Resources */ = {isa = PBXBuildFile; fileRef = 7421C7A028607F650087321A /* Assets.xcassets */; };
		7421C7A428607F650087321A /* LaunchScreen.storyboard in Resources */ = {isa = PBXBuildFile; fileRef = 7421C7A228607F650087321A /* LaunchScreen.storyboard */; };
		7421C7AD286080E90087321A /* EndPointProtocol.swift in Sources */ = {isa = PBXBuildFile; fileRef = 7421C7AC286080E90087321A /* EndPointProtocol.swift */; };
		7421C7B02860819B0087321A /* HTTPMethod.swift in Sources */ = {isa = PBXBuildFile; fileRef = 7421C7AF2860819B0087321A /* HTTPMethod.swift */; };
		7421C7B2286089330087321A /* LoadDataServiceProtocol.swift in Sources */ = {isa = PBXBuildFile; fileRef = 7421C7B1286089330087321A /* LoadDataServiceProtocol.swift */; };
		7421C7B528608AED0087321A /* LoadDataService.swift in Sources */ = {isa = PBXBuildFile; fileRef = 7421C7B428608AED0087321A /* LoadDataService.swift */; };
		7421C7B828608B480087321A /* NetworkErrors.swift in Sources */ = {isa = PBXBuildFile; fileRef = 7421C7B728608B480087321A /* NetworkErrors.swift */; };
		7421C7BB28608E2B0087321A /* ParsDataServiseProtocol.swift in Sources */ = {isa = PBXBuildFile; fileRef = 7421C7BA28608E2B0087321A /* ParsDataServiseProtocol.swift */; };
		7421C7C02860913D0087321A /* ParsDataServise.swift in Sources */ = {isa = PBXBuildFile; fileRef = 7421C7BF2860913D0087321A /* ParsDataServise.swift */; };
		7421C7C2286093F70087321A /* HTTPPath.swift in Sources */ = {isa = PBXBuildFile; fileRef = 7421C7C1286093F70087321A /* HTTPPath.swift */; };
		7421C7C6286097820087321A /* NetworkRouter.swift in Sources */ = {isa = PBXBuildFile; fileRef = 7421C7C5286097820087321A /* NetworkRouter.swift */; };
		7421C7C928609FDE0087321A /* Response.swift in Sources */ = {isa = PBXBuildFile; fileRef = 7421C7C828609FDE0087321A /* Response.swift */; };
		7421C7CB2860A2560087321A /* Door.swift in Sources */ = {isa = PBXBuildFile; fileRef = 7421C7CA2860A2560087321A /* Door.swift */; };
		7421C7CD2860A26D0087321A /* Cams.swift in Sources */ = {isa = PBXBuildFile; fileRef = 7421C7CC2860A26D0087321A /* Cams.swift */; };
		7421C7F82860CE9C0087321A /* CustomSegmentControll.swift in Sources */ = {isa = PBXBuildFile; fileRef = 7421C7F72860CE9C0087321A /* CustomSegmentControll.swift */; };
		7421C7FB2860D16E0087321A /* circe.ttf in Resources */ = {isa = PBXBuildFile; fileRef = 7421C7FA2860D16E0087321A /* circe.ttf */; };
		7421C7FE2860D2020087321A /* Fonts.swift in Sources */ = {isa = PBXBuildFile; fileRef = 7421C7FD2860D2020087321A /* Fonts.swift */; };
		7421C8002860D5700087321A /* Colors.swift in Sources */ = {isa = PBXBuildFile; fileRef = 7421C7FF2860D56F0087321A /* Colors.swift */; };
		7421C8042860E9FC0087321A /* RealmService.swift in Sources */ = {isa = PBXBuildFile; fileRef = 7421C8032860E9FC0087321A /* RealmService.swift */; };
		7421C8072860ED980087321A /* SnapshotTableViewCell.swift in Sources */ = {isa = PBXBuildFile; fileRef = 7421C8062860ED980087321A /* SnapshotTableViewCell.swift */; };
		7421C80C28610A970087321A /* SnapShotView.swift in Sources */ = {isa = PBXBuildFile; fileRef = 7421C80B28610A970087321A /* SnapShotView.swift */; };
		7421C80E286119350087321A /* TitleView.swift in Sources */ = {isa = PBXBuildFile; fileRef = 7421C80D286119350087321A /* TitleView.swift */; };
		74D1EF9F2861BAF000A041AE /* SimpleTableViewCell.swift in Sources */ = {isa = PBXBuildFile; fileRef = 74D1EF9E2861BAF000A041AE /* SimpleTableViewCell.swift */; };
		74D1EFA12861BB2200A041AE /* AbstractTableViewCell.swift in Sources */ = {isa = PBXBuildFile; fileRef = 74D1EFA02861BB2200A041AE /* AbstractTableViewCell.swift */; };
		74D1EFC2286274E200A041AE /* RootViewController.swift in Sources */ = {isa = PBXBuildFile; fileRef = 74D1EFC1286274E100A041AE /* RootViewController.swift */; };
		74D1EFC62862EED300A041AE /* TableViewProtocol.swift in Sources */ = {isa = PBXBuildFile; fileRef = 74D1EFC52862EED200A041AE /* TableViewProtocol.swift */; };
		74D1EFC82862F58800A041AE /* DoorsTableViewCintroller.swift in Sources */ = {isa = PBXBuildFile; fileRef = 74D1EFC72862F58800A041AE /* DoorsTableViewCintroller.swift */; };
		74D1EFCA2862FB2C00A041AE /* CustomTableView.swift in Sources */ = {isa = PBXBuildFile; fileRef = 74D1EFC92862FB2B00A041AE /* CustomTableView.swift */; };
		C876137D596AB85B3346A3C8 /* Pods_rubetek_int.framework in Frameworks */ = {isa = PBXBuildFile; fileRef = E84F9D8B9FF4DDF48A41A84E /* Pods_rubetek_int.framework */; };
/* End PBXBuildFile section */

/* Begin PBXFileReference section */
		180513EF8069C920174F7D83 /* Pods-rubetek_int.debug.xcconfig */ = {isa = PBXFileReference; includeInIndex = 1; lastKnownFileType = text.xcconfig; name = "Pods-rubetek_int.debug.xcconfig"; path = "Target Support Files/Pods-rubetek_int/Pods-rubetek_int.debug.xcconfig"; sourceTree = "<group>"; };
		22B6FFC9E73C47B26A3518AC /* Pods-rubetek_int.release.xcconfig */ = {isa = PBXFileReference; includeInIndex = 1; lastKnownFileType = text.xcconfig; name = "Pods-rubetek_int.release.xcconfig"; path = "Target Support Files/Pods-rubetek_int/Pods-rubetek_int.release.xcconfig"; sourceTree = "<group>"; };
		74092057286300AA008A94C0 /* CamsTableViewController.swift */ = {isa = PBXFileReference; lastKnownFileType = sourcecode.swift; path = CamsTableViewController.swift; sourceTree = "<group>"; };
		7421C79428607F630087321A /* rubetek_int.app */ = {isa = PBXFileReference; explicitFileType = wrapper.application; includeInIndex = 0; path = rubetek_int.app; sourceTree = BUILT_PRODUCTS_DIR; };
		7421C79728607F630087321A /* AppDelegate.swift */ = {isa = PBXFileReference; lastKnownFileType = sourcecode.swift; path = AppDelegate.swift; sourceTree = "<group>"; };
		7421C79928607F630087321A /* SceneDelegate.swift */ = {isa = PBXFileReference; lastKnownFileType = sourcecode.swift; path = SceneDelegate.swift; sourceTree = "<group>"; };
		7421C7A028607F650087321A /* Assets.xcassets */ = {isa = PBXFileReference; lastKnownFileType = folder.assetcatalog; path = Assets.xcassets; sourceTree = "<group>"; };
		7421C7A328607F650087321A /* Base */ = {isa = PBXFileReference; lastKnownFileType = file.storyboard; name = Base; path = Base.lproj/LaunchScreen.storyboard; sourceTree = "<group>"; };
		7421C7A528607F650087321A /* Info.plist */ = {isa = PBXFileReference; lastKnownFileType = text.plist.xml; path = Info.plist; sourceTree = "<group>"; };
		7421C7AC286080E90087321A /* EndPointProtocol.swift */ = {isa = PBXFileReference; lastKnownFileType = sourcecode.swift; path = EndPointProtocol.swift; sourceTree = "<group>"; };
		7421C7AF2860819B0087321A /* HTTPMethod.swift */ = {isa = PBXFileReference; lastKnownFileType = sourcecode.swift; path = HTTPMethod.swift; sourceTree = "<group>"; };
		7421C7B1286089330087321A /* LoadDataServiceProtocol.swift */ = {isa = PBXFileReference; lastKnownFileType = sourcecode.swift; path = LoadDataServiceProtocol.swift; sourceTree = "<group>"; };
		7421C7B428608AED0087321A /* LoadDataService.swift */ = {isa = PBXFileReference; lastKnownFileType = sourcecode.swift; path = LoadDataService.swift; sourceTree = "<group>"; };
		7421C7B728608B480087321A /* NetworkErrors.swift */ = {isa = PBXFileReference; lastKnownFileType = sourcecode.swift; path = NetworkErrors.swift; sourceTree = "<group>"; };
		7421C7BA28608E2B0087321A /* ParsDataServiseProtocol.swift */ = {isa = PBXFileReference; lastKnownFileType = sourcecode.swift; path = ParsDataServiseProtocol.swift; sourceTree = "<group>"; };
		7421C7BF2860913D0087321A /* ParsDataServise.swift */ = {isa = PBXFileReference; lastKnownFileType = sourcecode.swift; path = ParsDataServise.swift; sourceTree = "<group>"; };
		7421C7C1286093F70087321A /* HTTPPath.swift */ = {isa = PBXFileReference; lastKnownFileType = sourcecode.swift; path = HTTPPath.swift; sourceTree = "<group>"; };
		7421C7C5286097820087321A /* NetworkRouter.swift */ = {isa = PBXFileReference; lastKnownFileType = sourcecode.swift; path = NetworkRouter.swift; sourceTree = "<group>"; };
		7421C7C828609FDE0087321A /* Response.swift */ = {isa = PBXFileReference; lastKnownFileType = sourcecode.swift; path = Response.swift; sourceTree = "<group>"; };
		7421C7CA2860A2560087321A /* Door.swift */ = {isa = PBXFileReference; lastKnownFileType = sourcecode.swift; path = Door.swift; sourceTree = "<group>"; };
		7421C7CC2860A26D0087321A /* Cams.swift */ = {isa = PBXFileReference; lastKnownFileType = sourcecode.swift; path = Cams.swift; sourceTree = "<group>"; };
		7421C7F72860CE9C0087321A /* CustomSegmentControll.swift */ = {isa = PBXFileReference; lastKnownFileType = sourcecode.swift; path = CustomSegmentControll.swift; sourceTree = "<group>"; };
		7421C7FA2860D16E0087321A /* circe.ttf */ = {isa = PBXFileReference; lastKnownFileType = file; path = circe.ttf; sourceTree = "<group>"; };
		7421C7FD2860D2020087321A /* Fonts.swift */ = {isa = PBXFileReference; lastKnownFileType = sourcecode.swift; path = Fonts.swift; sourceTree = "<group>"; };
		7421C7FF2860D56F0087321A /* Colors.swift */ = {isa = PBXFileReference; lastKnownFileType = sourcecode.swift; path = Colors.swift; sourceTree = "<group>"; };
		7421C8032860E9FC0087321A /* RealmService.swift */ = {isa = PBXFileReference; fileEncoding = 4; lastKnownFileType = sourcecode.swift; name = RealmService.swift; path = rubetek_int/Serevices/RealmService/RealmService.swift; sourceTree = "<group>"; };
		7421C8062860ED980087321A /* SnapshotTableViewCell.swift */ = {isa = PBXFileReference; lastKnownFileType = sourcecode.swift; path = SnapshotTableViewCell.swift; sourceTree = "<group>"; };
		7421C80B28610A970087321A /* SnapShotView.swift */ = {isa = PBXFileReference; lastKnownFileType = sourcecode.swift; path = SnapShotView.swift; sourceTree = "<group>"; };
		7421C80D286119350087321A /* TitleView.swift */ = {isa = PBXFileReference; lastKnownFileType = sourcecode.swift; path = TitleView.swift; sourceTree = "<group>"; };
		74D1EF9E2861BAF000A041AE /* SimpleTableViewCell.swift */ = {isa = PBXFileReference; lastKnownFileType = sourcecode.swift; path = SimpleTableViewCell.swift; sourceTree = "<group>"; };
		74D1EFA02861BB2200A041AE /* AbstractTableViewCell.swift */ = {isa = PBXFileReference; lastKnownFileType = sourcecode.swift; path = AbstractTableViewCell.swift; sourceTree = "<group>"; };
		74D1EFC1286274E100A041AE /* RootViewController.swift */ = {isa = PBXFileReference; lastKnownFileType = sourcecode.swift; path = RootViewController.swift; sourceTree = "<group>"; };
		74D1EFC52862EED200A041AE /* TableViewProtocol.swift */ = {isa = PBXFileReference; lastKnownFileType = sourcecode.swift; path = TableViewProtocol.swift; sourceTree = "<group>"; };
		74D1EFC72862F58800A041AE /* DoorsTableViewCintroller.swift */ = {isa = PBXFileReference; lastKnownFileType = sourcecode.swift; path = DoorsTableViewCintroller.swift; sourceTree = "<group>"; };
		74D1EFC92862FB2B00A041AE /* CustomTableView.swift */ = {isa = PBXFileReference; lastKnownFileType = sourcecode.swift; path = CustomTableView.swift; sourceTree = "<group>"; };
		E84F9D8B9FF4DDF48A41A84E /* Pods_rubetek_int.framework */ = {isa = PBXFileReference; explicitFileType = wrapper.framework; includeInIndex = 0; path = Pods_rubetek_int.framework; sourceTree = BUILT_PRODUCTS_DIR; };
/* End PBXFileReference section */

/* Begin PBXFrameworksBuildPhase section */
		7421C79128607F630087321A /* Frameworks */ = {
			isa = PBXFrameworksBuildPhase;
			buildActionMask = 2147483647;
			files = (
				C876137D596AB85B3346A3C8 /* Pods_rubetek_int.framework in Frameworks */,
			);
			runOnlyForDeploymentPostprocessing = 0;
		};
/* End PBXFrameworksBuildPhase section */

/* Begin PBXGroup section */
		7421C78B28607F630087321A = {
			isa = PBXGroup;
			children = (
				7421C79628607F630087321A /* rubetek_int */,
				7421C79528607F630087321A /* Products */,
				C3F534F8DF38BE0FD3CAA027 /* Pods */,
				A97DA466D81C1FDFDAE68FAB /* Frameworks */,
			);
			sourceTree = "<group>";
		};
		7421C79528607F630087321A /* Products */ = {
			isa = PBXGroup;
			children = (
				7421C79428607F630087321A /* rubetek_int.app */,
			);
			name = Products;
			sourceTree = "<group>";
		};
		7421C79628607F630087321A /* rubetek_int */ = {
			isa = PBXGroup;
			children = (
				7421C79728607F630087321A /* AppDelegate.swift */,
				7421C79928607F630087321A /* SceneDelegate.swift */,
				7421C7FC2860D1F40087321A /* Extensions */,
				7421C7D32860CA880087321A /* Serevices */,
				74D1EFC02862748900A041AE /* Controllers */,
				7421C8052860ECBE0087321A /* Cells */,
				7421C7D42860CAA50087321A /* View */,
				7421C7C728609B3F0087321A /* Model */,
				7421C7A028607F650087321A /* Assets.xcassets */,
				7421C7A228607F650087321A /* LaunchScreen.storyboard */,
				7421C7A528607F650087321A /* Info.plist */,
				7421C7F92860D1580087321A /* Fonts */,
			);
			path = rubetek_int;
			sourceTree = "<group>";
		};
		7421C7AB2860809E0087321A /* Networking */ = {
			isa = PBXGroup;
			children = (
				7421C7C3286097610087321A /* NetworkRouter */,
				7421C7B928608DFA0087321A /* ParsDataServise */,
				7421C7B3286089370087321A /* LoadDataService */,
				7421C7AE286080EC0087321A /* EndPoint */,
			);
			path = Networking;
			sourceTree = "<group>";
		};
		7421C7AE286080EC0087321A /* EndPoint */ = {
			isa = PBXGroup;
			children = (
				7421C7AC286080E90087321A /* EndPointProtocol.swift */,
				7421C7AF2860819B0087321A /* HTTPMethod.swift */,
				7421C7C1286093F70087321A /* HTTPPath.swift */,
			);
			path = EndPoint;
			sourceTree = "<group>";
		};
		7421C7B3286089370087321A /* LoadDataService */ = {
			isa = PBXGroup;
			children = (
				7421C7B1286089330087321A /* LoadDataServiceProtocol.swift */,
				7421C7B428608AED0087321A /* LoadDataService.swift */,
			);
			path = LoadDataService;
			sourceTree = "<group>";
		};
		7421C7B628608B300087321A /* Error */ = {
			isa = PBXGroup;
			children = (
				7421C7B728608B480087321A /* NetworkErrors.swift */,
			);
			path = Error;
			sourceTree = "<group>";
		};
		7421C7B928608DFA0087321A /* ParsDataServise */ = {
			isa = PBXGroup;
			children = (
				7421C7BA28608E2B0087321A /* ParsDataServiseProtocol.swift */,
				7421C7BF2860913D0087321A /* ParsDataServise.swift */,
			);
			path = ParsDataServise;
			sourceTree = "<group>";
		};
		7421C7C3286097610087321A /* NetworkRouter */ = {
			isa = PBXGroup;
			children = (
				7421C7C5286097820087321A /* NetworkRouter.swift */,
			);
			path = NetworkRouter;
			sourceTree = "<group>";
		};
		7421C7C728609B3F0087321A /* Model */ = {
			isa = PBXGroup;
			children = (
				7421C7C828609FDE0087321A /* Response.swift */,
				7421C7CA2860A2560087321A /* Door.swift */,
				7421C7CC2860A26D0087321A /* Cams.swift */,
			);
			path = Model;
			sourceTree = "<group>";
		};
		7421C7D02860C41C0087321A /* RealmService */ = {
			isa = PBXGroup;
			children = (
				7421C8032860E9FC0087321A /* RealmService.swift */,
			);
			name = RealmService;
			path = ../..;
			sourceTree = "<group>";
		};
		7421C7D32860CA880087321A /* Serevices */ = {
			isa = PBXGroup;
			children = (
				7421C7B628608B300087321A /* Error */,
				7421C7D02860C41C0087321A /* RealmService */,
				7421C7AB2860809E0087321A /* Networking */,
			);
			path = Serevices;
			sourceTree = "<group>";
		};
		7421C7D42860CAA50087321A /* View */ = {
			isa = PBXGroup;
			children = (
				7421C8082860F1800087321A /* CustomViews */,
				7421C7D62860CAD20087321A /* SegmentControll */,
			);
			path = View;
			sourceTree = "<group>";
		};
		7421C7D62860CAD20087321A /* SegmentControll */ = {
			isa = PBXGroup;
			children = (
				7421C7F72860CE9C0087321A /* CustomSegmentControll.swift */,
			);
			path = SegmentControll;
			sourceTree = "<group>";
		};
		7421C7F92860D1580087321A /* Fonts */ = {
			isa = PBXGroup;
			children = (
				7421C7FA2860D16E0087321A /* circe.ttf */,
			);
			path = Fonts;
			sourceTree = "<group>";
		};
		7421C7FC2860D1F40087321A /* Extensions */ = {
			isa = PBXGroup;
			children = (
				7421C7FD2860D2020087321A /* Fonts.swift */,
				7421C7FF2860D56F0087321A /* Colors.swift */,
			);
			path = Extensions;
			sourceTree = "<group>";
		};
		7421C8052860ECBE0087321A /* Cells */ = {
			isa = PBXGroup;
			children = (
				74D1EFA02861BB2200A041AE /* AbstractTableViewCell.swift */,
				7421C8062860ED980087321A /* SnapshotTableViewCell.swift */,
				74D1EF9E2861BAF000A041AE /* SimpleTableViewCell.swift */,
			);
			path = Cells;
			sourceTree = "<group>";
		};
		7421C8082860F1800087321A /* CustomViews */ = {
			isa = PBXGroup;
			children = (
				74D1EFC92862FB2B00A041AE /* CustomTableView.swift */,
				7421C80B28610A970087321A /* SnapShotView.swift */,
				7421C80D286119350087321A /* TitleView.swift */,
			);
			path = CustomViews;
			sourceTree = "<group>";
		};
		74D1EFC02862748900A041AE /* Controllers */ = {
			isa = PBXGroup;
			children = (
				74092057286300AA008A94C0 /* CamsTableViewController.swift */,
				74D1EFC72862F58800A041AE /* DoorsTableViewCintroller.swift */,
				74D1EFC52862EED200A041AE /* TableViewProtocol.swift */,
				74D1EFC1286274E100A041AE /* RootViewController.swift */,
			);
			path = Controllers;
			sourceTree = "<group>";
		};
		A97DA466D81C1FDFDAE68FAB /* Frameworks */ = {
			isa = PBXGroup;
			children = (
				E84F9D8B9FF4DDF48A41A84E /* Pods_rubetek_int.framework */,
			);
			name = Frameworks;
			sourceTree = "<group>";
		};
		C3F534F8DF38BE0FD3CAA027 /* Pods */ = {
			isa = PBXGroup;
			children = (
				180513EF8069C920174F7D83 /* Pods-rubetek_int.debug.xcconfig */,
				22B6FFC9E73C47B26A3518AC /* Pods-rubetek_int.release.xcconfig */,
			);
			path = Pods;
			sourceTree = "<group>";
		};
/* End PBXGroup section */

/* Begin PBXNativeTarget section */
		7421C79328607F630087321A /* rubetek_int */ = {
			isa = PBXNativeTarget;
			buildConfigurationList = 7421C7A828607F650087321A /* Build configuration list for PBXNativeTarget "rubetek_int" */;
			buildPhases = (
				1EBB54081BECE7B1E9563514 /* [CP] Check Pods Manifest.lock */,
				7421C79028607F630087321A /* Sources */,
				7421C79128607F630087321A /* Frameworks */,
				7421C79228607F630087321A /* Resources */,
				04F598987229BD25EE60793A /* [CP] Embed Pods Frameworks */,
			);
			buildRules = (
			);
			dependencies = (
			);
			name = rubetek_int;
			productName = rubetek_int;
			productReference = 7421C79428607F630087321A /* rubetek_int.app */;
			productType = "com.apple.product-type.application";
		};
/* End PBXNativeTarget section */

/* Begin PBXProject section */
		7421C78C28607F630087321A /* Project object */ = {
			isa = PBXProject;
			attributes = {
				BuildIndependentTargetsInParallel = 1;
				LastSwiftUpdateCheck = 1340;
				LastUpgradeCheck = 1340;
				TargetAttributes = {
					7421C79328607F630087321A = {
						CreatedOnToolsVersion = 13.4.1;
					};
				};
			};
			buildConfigurationList = 7421C78F28607F630087321A /* Build configuration list for PBXProject "rubetek_int" */;
			compatibilityVersion = "Xcode 13.0";
			developmentRegion = en;
			hasScannedForEncodings = 0;
			knownRegions = (
				en,
				Base,
			);
			mainGroup = 7421C78B28607F630087321A;
			productRefGroup = 7421C79528607F630087321A /* Products */;
			projectDirPath = "";
			projectRoot = "";
			targets = (
				7421C79328607F630087321A /* rubetek_int */,
			);
		};
/* End PBXProject section */

/* Begin PBXResourcesBuildPhase section */
		7421C79228607F630087321A /* Resources */ = {
			isa = PBXResourcesBuildPhase;
			buildActionMask = 2147483647;
			files = (
				7421C7FB2860D16E0087321A /* circe.ttf in Resources */,
				7421C7A428607F650087321A /* LaunchScreen.storyboard in Resources */,
				7421C7A128607F650087321A /* Assets.xcassets in Resources */,
			);
			runOnlyForDeploymentPostprocessing = 0;
		};
/* End PBXResourcesBuildPhase section */

/* Begin PBXShellScriptBuildPhase section */
		04F598987229BD25EE60793A /* [CP] Embed Pods Frameworks */ = {
			isa = PBXShellScriptBuildPhase;
			buildActionMask = 2147483647;
			files = (
			);
			inputFileListPaths = (
				"${PODS_ROOT}/Target Support Files/Pods-rubetek_int/Pods-rubetek_int-frameworks-${CONFIGURATION}-input-files.xcfilelist",
			);
			name = "[CP] Embed Pods Frameworks";
			outputFileListPaths = (
				"${PODS_ROOT}/Target Support Files/Pods-rubetek_int/Pods-rubetek_int-frameworks-${CONFIGURATION}-output-files.xcfilelist",
			);
			runOnlyForDeploymentPostprocessing = 0;
			shellPath = /bin/sh;
			shellScript = "\"${PODS_ROOT}/Target Support Files/Pods-rubetek_int/Pods-rubetek_int-frameworks.sh\"\n";
			showEnvVarsInLog = 0;
		};
		1EBB54081BECE7B1E9563514 /* [CP] Check Pods Manifest.lock */ = {
			isa = PBXShellScriptBuildPhase;
			buildActionMask = 2147483647;
			files = (
			);
			inputFileListPaths = (
			);
			inputPaths = (
				"${PODS_PODFILE_DIR_PATH}/Podfile.lock",
				"${PODS_ROOT}/Manifest.lock",
			);
			name = "[CP] Check Pods Manifest.lock";
			outputFileListPaths = (
			);
			outputPaths = (
				"$(DERIVED_FILE_DIR)/Pods-rubetek_int-checkManifestLockResult.txt",
			);
			runOnlyForDeploymentPostprocessing = 0;
			shellPath = /bin/sh;
			shellScript = "diff \"${PODS_PODFILE_DIR_PATH}/Podfile.lock\" \"${PODS_ROOT}/Manifest.lock\" > /dev/null\nif [ $? != 0 ] ; then\n    # print error to STDERR\n    echo \"error: The sandbox is not in sync with the Podfile.lock. Run 'pod install' or update your CocoaPods installation.\" >&2\n    exit 1\nfi\n# This output is used by Xcode 'outputs' to avoid re-running this script phase.\necho \"SUCCESS\" > \"${SCRIPT_OUTPUT_FILE_0}\"\n";
			showEnvVarsInLog = 0;
		};
/* End PBXShellScriptBuildPhase section */

/* Begin PBXSourcesBuildPhase section */
		7421C79028607F630087321A /* Sources */ = {
			isa = PBXSourcesBuildPhase;
			buildActionMask = 2147483647;
			files = (
				7421C8042860E9FC0087321A /* RealmService.swift in Sources */,
				7421C7AD286080E90087321A /* EndPointProtocol.swift in Sources */,
				7421C7B02860819B0087321A /* HTTPMethod.swift in Sources */,
				7421C7BB28608E2B0087321A /* ParsDataServiseProtocol.swift in Sources */,
				7421C7B528608AED0087321A /* LoadDataService.swift in Sources */,
				7421C7C2286093F70087321A /* HTTPPath.swift in Sources */,
				7421C7F82860CE9C0087321A /* CustomSegmentControll.swift in Sources */,
				74D1EF9F2861BAF000A041AE /* SimpleTableViewCell.swift in Sources */,
				7421C79828607F630087321A /* AppDelegate.swift in Sources */,
				74092058286300AA008A94C0 /* CamsTableViewController.swift in Sources */,
				7421C8002860D5700087321A /* Colors.swift in Sources */,
				7421C7C6286097820087321A /* NetworkRouter.swift in Sources */,
				74D1EFA12861BB2200A041AE /* AbstractTableViewCell.swift in Sources */,
				7421C80C28610A970087321A /* SnapShotView.swift in Sources */,
				74D1EFC62862EED300A041AE /* TableViewProtocol.swift in Sources */,
				7421C7CD2860A26D0087321A /* Cams.swift in Sources */,
				7421C7C928609FDE0087321A /* Response.swift in Sources */,
				7421C80E286119350087321A /* TitleView.swift in Sources */,
				74D1EFCA2862FB2C00A041AE /* CustomTableView.swift in Sources */,
				74D1EFC82862F58800A041AE /* DoorsTableViewCintroller.swift in Sources */,
				7421C7B828608B480087321A /* NetworkErrors.swift in Sources */,
				74D1EFC2286274E200A041AE /* RootViewController.swift in Sources */,
				7421C79A28607F630087321A /* SceneDelegate.swift in Sources */,
				7421C7FE2860D2020087321A /* Fonts.swift in Sources */,
				7421C7B2286089330087321A /* LoadDataServiceProtocol.swift in Sources */,
				7421C7CB2860A2560087321A /* Door.swift in Sources */,
				7421C8072860ED980087321A /* SnapshotTableViewCell.swift in Sources */,
				7421C7C02860913D0087321A /* ParsDataServise.swift in Sources */,
			);
			runOnlyForDeploymentPostprocessing = 0;
		};
/* End PBXSourcesBuildPhase section */

/* Begin PBXVariantGroup section */
		7421C7A228607F650087321A /* LaunchScreen.storyboard */ = {
			isa = PBXVariantGroup;
			children = (
				7421C7A328607F650087321A /* Base */,
			);
			name = LaunchScreen.storyboard;
			sourceTree = "<group>";
		};
/* End PBXVariantGroup section */

/* Begin XCBuildConfiguration section */
		7421C7A628607F650087321A /* Debug */ = {
			isa = XCBuildConfiguration;
			buildSettings = {
				ALWAYS_SEARCH_USER_PATHS = NO;
				CLANG_ANALYZER_NONNULL = YES;
				CLANG_ANALYZER_NUMBER_OBJECT_CONVERSION = YES_AGGRESSIVE;
				CLANG_CXX_LANGUAGE_STANDARD = "gnu++17";
				CLANG_ENABLE_MODULES = YES;
				CLANG_ENABLE_OBJC_ARC = YES;
				CLANG_ENABLE_OBJC_WEAK = YES;
				CLANG_WARN_BLOCK_CAPTURE_AUTORELEASING = YES;
				CLANG_WARN_BOOL_CONVERSION = YES;
				CLANG_WARN_COMMA = YES;
				CLANG_WARN_CONSTANT_CONVERSION = YES;
				CLANG_WARN_DEPRECATED_OBJC_IMPLEMENTATIONS = YES;
				CLANG_WARN_DIRECT_OBJC_ISA_USAGE = YES_ERROR;
				CLANG_WARN_DOCUMENTATION_COMMENTS = YES;
				CLANG_WARN_EMPTY_BODY = YES;
				CLANG_WARN_ENUM_CONVERSION = YES;
				CLANG_WARN_INFINITE_RECURSION = YES;
				CLANG_WARN_INT_CONVERSION = YES;
				CLANG_WARN_NON_LITERAL_NULL_CONVERSION = YES;
				CLANG_WARN_OBJC_IMPLICIT_RETAIN_SELF = YES;
				CLANG_WARN_OBJC_LITERAL_CONVERSION = YES;
				CLANG_WARN_OBJC_ROOT_CLASS = YES_ERROR;
				CLANG_WARN_QUOTED_INCLUDE_IN_FRAMEWORK_HEADER = YES;
				CLANG_WARN_RANGE_LOOP_ANALYSIS = YES;
				CLANG_WARN_STRICT_PROTOTYPES = YES;
				CLANG_WARN_SUSPICIOUS_MOVE = YES;
				CLANG_WARN_UNGUARDED_AVAILABILITY = YES_AGGRESSIVE;
				CLANG_WARN_UNREACHABLE_CODE = YES;
				CLANG_WARN__DUPLICATE_METHOD_MATCH = YES;
				COPY_PHASE_STRIP = NO;
				DEBUG_INFORMATION_FORMAT = dwarf;
				ENABLE_STRICT_OBJC_MSGSEND = YES;
				ENABLE_TESTABILITY = YES;
				GCC_C_LANGUAGE_STANDARD = gnu11;
				GCC_DYNAMIC_NO_PIC = NO;
				GCC_NO_COMMON_BLOCKS = YES;
				GCC_OPTIMIZATION_LEVEL = 0;
				GCC_PREPROCESSOR_DEFINITIONS = (
					"DEBUG=1",
					"$(inherited)",
				);
				GCC_WARN_64_TO_32_BIT_CONVERSION = YES;
				GCC_WARN_ABOUT_RETURN_TYPE = YES_ERROR;
				GCC_WARN_UNDECLARED_SELECTOR = YES;
				GCC_WARN_UNINITIALIZED_AUTOS = YES_AGGRESSIVE;
				GCC_WARN_UNUSED_FUNCTION = YES;
				GCC_WARN_UNUSED_VARIABLE = YES;
				IPHONEOS_DEPLOYMENT_TARGET = 15.5;
				MTL_ENABLE_DEBUG_INFO = INCLUDE_SOURCE;
				MTL_FAST_MATH = YES;
				ONLY_ACTIVE_ARCH = YES;
				SDKROOT = iphoneos;
				SWIFT_ACTIVE_COMPILATION_CONDITIONS = DEBUG;
				SWIFT_OPTIMIZATION_LEVEL = "-Onone";
			};
			name = Debug;
		};
		7421C7A728607F650087321A /* Release */ = {
			isa = XCBuildConfiguration;
			buildSettings = {
				ALWAYS_SEARCH_USER_PATHS = NO;
				CLANG_ANALYZER_NONNULL = YES;
				CLANG_ANALYZER_NUMBER_OBJECT_CONVERSION = YES_AGGRESSIVE;
				CLANG_CXX_LANGUAGE_STANDARD = "gnu++17";
				CLANG_ENABLE_MODULES = YES;
				CLANG_ENABLE_OBJC_ARC = YES;
				CLANG_ENABLE_OBJC_WEAK = YES;
				CLANG_WARN_BLOCK_CAPTURE_AUTORELEASING = YES;
				CLANG_WARN_BOOL_CONVERSION = YES;
				CLANG_WARN_COMMA = YES;
				CLANG_WARN_CONSTANT_CONVERSION = YES;
				CLANG_WARN_DEPRECATED_OBJC_IMPLEMENTATIONS = YES;
				CLANG_WARN_DIRECT_OBJC_ISA_USAGE = YES_ERROR;
				CLANG_WARN_DOCUMENTATION_COMMENTS = YES;
				CLANG_WARN_EMPTY_BODY = YES;
				CLANG_WARN_ENUM_CONVERSION = YES;
				CLANG_WARN_INFINITE_RECURSION = YES;
				CLANG_WARN_INT_CONVERSION = YES;
				CLANG_WARN_NON_LITERAL_NULL_CONVERSION = YES;
				CLANG_WARN_OBJC_IMPLICIT_RETAIN_SELF = YES;
				CLANG_WARN_OBJC_LITERAL_CONVERSION = YES;
				CLANG_WARN_OBJC_ROOT_CLASS = YES_ERROR;
				CLANG_WARN_QUOTED_INCLUDE_IN_FRAMEWORK_HEADER = YES;
				CLANG_WARN_RANGE_LOOP_ANALYSIS = YES;
				CLANG_WARN_STRICT_PROTOTYPES = YES;
				CLANG_WARN_SUSPICIOUS_MOVE = YES;
				CLANG_WARN_UNGUARDED_AVAILABILITY = YES_AGGRESSIVE;
				CLANG_WARN_UNREACHABLE_CODE = YES;
				CLANG_WARN__DUPLICATE_METHOD_MATCH = YES;
				COPY_PHASE_STRIP = NO;
				DEBUG_INFORMATION_FORMAT = "dwarf-with-dsym";
				ENABLE_NS_ASSERTIONS = NO;
				ENABLE_STRICT_OBJC_MSGSEND = YES;
				GCC_C_LANGUAGE_STANDARD = gnu11;
				GCC_NO_COMMON_BLOCKS = YES;
				GCC_WARN_64_TO_32_BIT_CONVERSION = YES;
				GCC_WARN_ABOUT_RETURN_TYPE = YES_ERROR;
				GCC_WARN_UNDECLARED_SELECTOR = YES;
				GCC_WARN_UNINITIALIZED_AUTOS = YES_AGGRESSIVE;
				GCC_WARN_UNUSED_FUNCTION = YES;
				GCC_WARN_UNUSED_VARIABLE = YES;
				IPHONEOS_DEPLOYMENT_TARGET = 15.5;
				MTL_ENABLE_DEBUG_INFO = NO;
				MTL_FAST_MATH = YES;
				SDKROOT = iphoneos;
				SWIFT_COMPILATION_MODE = wholemodule;
				SWIFT_OPTIMIZATION_LEVEL = "-O";
				VALIDATE_PRODUCT = YES;
			};
			name = Release;
		};
		7421C7A928607F650087321A /* Debug */ = {
			isa = XCBuildConfiguration;
			baseConfigurationReference = 180513EF8069C920174F7D83 /* Pods-rubetek_int.debug.xcconfig */;
			buildSettings = {
				ASSETCATALOG_COMPILER_APPICON_NAME = AppIcon;
				ASSETCATALOG_COMPILER_GLOBAL_ACCENT_COLOR_NAME = AccentColor;
				CODE_SIGN_STYLE = Automatic;
				CURRENT_PROJECT_VERSION = 1;
				DEVELOPMENT_TEAM = 9TMC8XK38T;
				GENERATE_INFOPLIST_FILE = YES;
				INFOPLIST_FILE = rubetek_int/Info.plist;
				INFOPLIST_KEY_UIApplicationSupportsIndirectInputEvents = YES;
				INFOPLIST_KEY_UILaunchStoryboardName = LaunchScreen;
				INFOPLIST_KEY_UISupportedInterfaceOrientations_iPad = "UIInterfaceOrientationPortrait UIInterfaceOrientationPortraitUpsideDown UIInterfaceOrientationLandscapeLeft UIInterfaceOrientationLandscapeRight";
				INFOPLIST_KEY_UISupportedInterfaceOrientations_iPhone = "UIInterfaceOrientationPortrait UIInterfaceOrientationLandscapeLeft UIInterfaceOrientationLandscapeRight";
				LD_RUNPATH_SEARCH_PATHS = (
					"$(inherited)",
					"@executable_path/Frameworks",
				);
				MARKETING_VERSION = 1.0;
				PRODUCT_BUNDLE_IDENTIFIER = "com.miksok.rubetek-int";
				PRODUCT_NAME = "$(TARGET_NAME)";
				SWIFT_EMIT_LOC_STRINGS = YES;
				SWIFT_VERSION = 5.0;
				TARGETED_DEVICE_FAMILY = "1,2";
			};
			name = Debug;
		};
		7421C7AA28607F650087321A /* Release */ = {
			isa = XCBuildConfiguration;
			baseConfigurationReference = 22B6FFC9E73C47B26A3518AC /* Pods-rubetek_int.release.xcconfig */;
			buildSettings = {
				ASSETCATALOG_COMPILER_APPICON_NAME = AppIcon;
				ASSETCATALOG_COMPILER_GLOBAL_ACCENT_COLOR_NAME = AccentColor;
				CODE_SIGN_STYLE = Automatic;
				CURRENT_PROJECT_VERSION = 1;
				DEVELOPMENT_TEAM = 9TMC8XK38T;
				GENERATE_INFOPLIST_FILE = YES;
				INFOPLIST_FILE = rubetek_int/Info.plist;
				INFOPLIST_KEY_UIApplicationSupportsIndirectInputEvents = YES;
				INFOPLIST_KEY_UILaunchStoryboardName = LaunchScreen;
				INFOPLIST_KEY_UISupportedInterfaceOrientations_iPad = "UIInterfaceOrientationPortrait UIInterfaceOrientationPortraitUpsideDown UIInterfaceOrientationLandscapeLeft UIInterfaceOrientationLandscapeRight";
				INFOPLIST_KEY_UISupportedInterfaceOrientations_iPhone = "UIInterfaceOrientationPortrait UIInterfaceOrientationLandscapeLeft UIInterfaceOrientationLandscapeRight";
				LD_RUNPATH_SEARCH_PATHS = (
					"$(inherited)",
					"@executable_path/Frameworks",
				);
				MARKETING_VERSION = 1.0;
				PRODUCT_BUNDLE_IDENTIFIER = "com.miksok.rubetek-int";
				PRODUCT_NAME = "$(TARGET_NAME)";
				SWIFT_EMIT_LOC_STRINGS = YES;
				SWIFT_VERSION = 5.0;
				TARGETED_DEVICE_FAMILY = "1,2";
			};
			name = Release;
		};
/* End XCBuildConfiguration section */

/* Begin XCConfigurationList section */
		7421C78F28607F630087321A /* Build configuration list for PBXProject "rubetek_int" */ = {
			isa = XCConfigurationList;
			buildConfigurations = (
				7421C7A628607F650087321A /* Debug */,
				7421C7A728607F650087321A /* Release */,
			);
			defaultConfigurationIsVisible = 0;
			defaultConfigurationName = Release;
		};
		7421C7A828607F650087321A /* Build configuration list for PBXNativeTarget "rubetek_int" */ = {
			isa = XCConfigurationList;
			buildConfigurations = (
				7421C7A928607F650087321A /* Debug */,
				7421C7AA28607F650087321A /* Release */,
			);
			defaultConfigurationIsVisible = 0;
			defaultConfigurationName = Release;
		};
/* End XCConfigurationList section */
	};
	rootObject = 7421C78C28607F630087321A /* Project object */;
}
